
Microsoft Visual Studio Solution File, Format Version 12.00
# Visual Studio 14
VisualStudioVersion = 14.0.22310.1
MinimumVisualStudioVersion = 10.0.40219.1
Project("{FAE04EC0-301F-11D3-BF4B-00C04F79EFBC}") = "UnicodeCharacterInspector", "UnicodeCharacterInspector\UnicodeCharacterInspector.csproj", "{04E97F21-EF04-441F-83CF-2E71F3AAB089}"
EndProject
Project("{FAE04EC0-301F-11D3-BF4B-00C04F79EFBC}") = "UnicodeInformation", "UnicodeInformation\UnicodeInformation.csproj", "{CB722958-A1C4-4121-804B-7D5A671491B1}"
EndProject
Project("{FAE04EC0-301F-11D3-BF4B-00C04F79EFBC}") = "UnicodeInformation.Tests", "UnicodeInformation.Tests\UnicodeInformation.Tests.csproj", "{50337426-E884-4394-9E1A-F6F7A555F5D9}"
EndProject
Project("{FAE04EC0-301F-11D3-BF4B-00C04F79EFBC}") = "UnicodeInformation.Builder", "UnicodeInformation.Builder\UnicodeInformation.Builder.csproj", "{8DFDEE6C-4F0D-4DE1-B346-574CB56D2B8B}"
EndProject
Project("{2150E333-8FDC-42A3-9474-1A3956D46DE8}") = "Solution Items", "Solution Items", "{73097DF3-04B7-4C5F-B4EA-0EB800E40702}"
	ProjectSection(SolutionItems) = preProject
		appveyor.yml = appveyor.yml
		AssemblyInfo.Common.cs = AssemblyInfo.Common.cs
		Example.cs = Example.cs
		LICENSE.txt = LICENSE.txt
		README.md = README.md
		System.Unicode.snk = System.Unicode.snk
	EndProjectSection
EndProject
Project("{2150E333-8FDC-42A3-9474-1A3956D46DE8}") = "docs", "docs", "{311FC325-8547-4806-8617-956F1356A92C}"
	ProjectSection(SolutionItems) = preProject
		docs\uci-00.png = docs\uci-00.png
	EndProjectSection
EndProject
Global
	GlobalSection(SolutionConfigurationPlatforms) = preSolution
		Debug|Any CPU = Debug|Any CPU
		Release|Any CPU = Release|Any CPU
	EndGlobalSection
	GlobalSection(ProjectConfigurationPlatforms) = postSolution
		{04E97F21-EF04-441F-83CF-2E71F3AAB089}.Debug|Any CPU.ActiveCfg = Debug|Any CPU
		{04E97F21-EF04-441F-83CF-2E71F3AAB089}.Debug|Any CPU.Build.0 = Debug|Any CPU
		{04E97F21-EF04-441F-83CF-2E71F3AAB089}.Release|Any CPU.ActiveCfg = Release|Any CPU
		{04E97F21-EF04-441F-83CF-2E71F3AAB089}.Release|Any CPU.Build.0 = Release|Any CPU
		{CB722958-A1C4-4121-804B-7D5A671491B1}.Debug|Any CPU.ActiveCfg = Debug|Any CPU
		{CB722958-A1C4-4121-804B-7D5A671491B1}.Debug|Any CPU.Build.0 = Debug|Any CPU
		{CB722958-A1C4-4121-804B-7D5A671491B1}.Release|Any CPU.ActiveCfg = Release|Any CPU
		{CB722958-A1C4-4121-804B-7D5A671491B1}.Release|Any CPU.Build.0 = Release|Any CPU
		{50337426-E884-4394-9E1A-F6F7A555F5D9}.Debug|Any CPU.ActiveCfg = Debug|Any CPU
		{50337426-E884-4394-9E1A-F6F7A555F5D9}.Debug|Any CPU.Build.0 = Debug|Any CPU
		{50337426-E884-4394-9E1A-F6F7A555F5D9}.Release|Any CPU.ActiveCfg = Release|Any CPU
		{50337426-E884-4394-9E1A-F6F7A555F5D9}.Release|Any CPU.Build.0 = Release|Any CPU
		{8DFDEE6C-4F0D-4DE1-B346-574CB56D2B8B}.Debug|Any CPU.ActiveCfg = Debug|Any CPU
		{8DFDEE6C-4F0D-4DE1-B346-574CB56D2B8B}.Debug|Any CPU.Build.0 = Debug|Any CPU
		{8DFDEE6C-4F0D-4DE1-B346-574CB56D2B8B}.Release|Any CPU.ActiveCfg = Release|Any CPU
		{8DFDEE6C-4F0D-4DE1-B346-574CB56D2B8B}.Release|Any CPU.Build.0 = Release|Any CPU
	EndGlobalSection
	GlobalSection(SolutionProperties) = preSolution
		HideSolutionNode = FALSE
	EndGlobalSection
EndGlobal
